// !$*UTF8*$!
{
	archiveVersion = 1;
	classes = {
	};
	objectVersion = 50;
	objects = {

/* Begin PBXBuildFile section */
		2390DFDD236B23EA00F7DD02 /* StorageService.swift in Sources */ = {isa = PBXBuildFile; fileRef = 2390DFDC236B23EA00F7DD02 /* StorageService.swift */; };
		23B2E48F23688E76004547A9 /* AppDelegate.swift in Sources */ = {isa = PBXBuildFile; fileRef = 23B2E48E23688E76004547A9 /* AppDelegate.swift */; };
		23B2E49123688E76004547A9 /* SceneDelegate.swift in Sources */ = {isa = PBXBuildFile; fileRef = 23B2E49023688E76004547A9 /* SceneDelegate.swift */; };
		23B2E49323688E76004547A9 /* FirstViewController.swift in Sources */ = {isa = PBXBuildFile; fileRef = 23B2E49223688E76004547A9 /* FirstViewController.swift */; };
		23B2E49523688E76004547A9 /* SecondViewController.swift in Sources */ = {isa = PBXBuildFile; fileRef = 23B2E49423688E76004547A9 /* SecondViewController.swift */; };
		23B2E49823688E76004547A9 /* Main.storyboard in Resources */ = {isa = PBXBuildFile; fileRef = 23B2E49623688E76004547A9 /* Main.storyboard */; };
		23B2E49A23688E78004547A9 /* Assets.xcassets in Resources */ = {isa = PBXBuildFile; fileRef = 23B2E49923688E78004547A9 /* Assets.xcassets */; };
		23B2E49D23688E78004547A9 /* LaunchScreen.storyboard in Resources */ = {isa = PBXBuildFile; fileRef = 23B2E49B23688E78004547A9 /* LaunchScreen.storyboard */; };
		23B2E4A7236986AC004547A9 /* Api.swift in Sources */ = {isa = PBXBuildFile; fileRef = 23B2E4A6236986AC004547A9 /* Api.swift */; };
		23B2E4AA236986DE004547A9 /* Constants.swift in Sources */ = {isa = PBXBuildFile; fileRef = 23B2E4A9236986DE004547A9 /* Constants.swift */; };
		23B2E4AD23698D13004547A9 /* Station.swift in Sources */ = {isa = PBXBuildFile; fileRef = 23B2E4AC23698D13004547A9 /* Station.swift */; };
		23B2E4B023698F52004547A9 /* ServiceApi.swift in Sources */ = {isa = PBXBuildFile; fileRef = 23B2E4AF23698F52004547A9 /* ServiceApi.swift */; };
		67E953137981C357A237AC0D /* Pods_ISS.framework in Frameworks */ = {isa = PBXBuildFile; fileRef = 10581AD0339BDC55E9E47B80 /* Pods_ISS.framework */; };
/* End PBXBuildFile section */

/* Begin PBXFileReference section */
		10581AD0339BDC55E9E47B80 /* Pods_ISS.framework */ = {isa = PBXFileReference; explicitFileType = wrapper.framework; includeInIndex = 0; path = Pods_ISS.framework; sourceTree = BUILT_PRODUCTS_DIR; };
		2390DFDC236B23EA00F7DD02 /* StorageService.swift */ = {isa = PBXFileReference; lastKnownFileType = sourcecode.swift; path = StorageService.swift; sourceTree = "<group>"; };
		23B2E48B23688E76004547A9 /* ISS.app */ = {isa = PBXFileReference; explicitFileType = wrapper.application; includeInIndex = 0; path = ISS.app; sourceTree = BUILT_PRODUCTS_DIR; };
		23B2E48E23688E76004547A9 /* AppDelegate.swift */ = {isa = PBXFileReference; lastKnownFileType = sourcecode.swift; path = AppDelegate.swift; sourceTree = "<group>"; };
		23B2E49023688E76004547A9 /* SceneDelegate.swift */ = {isa = PBXFileReference; lastKnownFileType = sourcecode.swift; path = SceneDelegate.swift; sourceTree = "<group>"; };
		23B2E49223688E76004547A9 /* FirstViewController.swift */ = {isa = PBXFileReference; lastKnownFileType = sourcecode.swift; path = FirstViewController.swift; sourceTree = "<group>"; };
		23B2E49423688E76004547A9 /* SecondViewController.swift */ = {isa = PBXFileReference; lastKnownFileType = sourcecode.swift; path = SecondViewController.swift; sourceTree = "<group>"; };
		23B2E49723688E76004547A9 /* Base */ = {isa = PBXFileReference; lastKnownFileType = file.storyboard; name = Base; path = Base.lproj/Main.storyboard; sourceTree = "<group>"; };
		23B2E49923688E78004547A9 /* Assets.xcassets */ = {isa = PBXFileReference; lastKnownFileType = folder.assetcatalog; path = Assets.xcassets; sourceTree = "<group>"; };
		23B2E49C23688E78004547A9 /* Base */ = {isa = PBXFileReference; lastKnownFileType = file.storyboard; name = Base; path = Base.lproj/LaunchScreen.storyboard; sourceTree = "<group>"; };
		23B2E49E23688E78004547A9 /* Info.plist */ = {isa = PBXFileReference; lastKnownFileType = text.plist.xml; path = Info.plist; sourceTree = "<group>"; };
		23B2E4A6236986AC004547A9 /* Api.swift */ = {isa = PBXFileReference; lastKnownFileType = sourcecode.swift; path = Api.swift; sourceTree = "<group>"; };
		23B2E4A9236986DE004547A9 /* Constants.swift */ = {isa = PBXFileReference; lastKnownFileType = sourcecode.swift; path = Constants.swift; sourceTree = "<group>"; };
		23B2E4AC23698D13004547A9 /* Station.swift */ = {isa = PBXFileReference; lastKnownFileType = sourcecode.swift; path = Station.swift; sourceTree = "<group>"; };
		23B2E4AF23698F52004547A9 /* ServiceApi.swift */ = {isa = PBXFileReference; lastKnownFileType = sourcecode.swift; path = ServiceApi.swift; sourceTree = "<group>"; };
		46404076245D4FE3F0C09FFF /* Pods-ISS.release.xcconfig */ = {isa = PBXFileReference; includeInIndex = 1; lastKnownFileType = text.xcconfig; name = "Pods-ISS.release.xcconfig"; path = "Target Support Files/Pods-ISS/Pods-ISS.release.xcconfig"; sourceTree = "<group>"; };
		8EF743CE3C52C4F641045D4B /* Pods-ISS.debug.xcconfig */ = {isa = PBXFileReference; includeInIndex = 1; lastKnownFileType = text.xcconfig; name = "Pods-ISS.debug.xcconfig"; path = "Target Support Files/Pods-ISS/Pods-ISS.debug.xcconfig"; sourceTree = "<group>"; };
/* End PBXFileReference section */

/* Begin PBXFrameworksBuildPhase section */
		23B2E48823688E76004547A9 /* Frameworks */ = {
			isa = PBXFrameworksBuildPhase;
			buildActionMask = 2147483647;
			files = (
				67E953137981C357A237AC0D /* Pods_ISS.framework in Frameworks */,
			);
			runOnlyForDeploymentPostprocessing = 0;
		};
/* End PBXFrameworksBuildPhase section */

/* Begin PBXGroup section */
		23B2E48223688E75004547A9 = {
			isa = PBXGroup;
			children = (
				23B2E48D23688E76004547A9 /* ISS */,
				23B2E48C23688E76004547A9 /* Products */,
				D1D67B31DF1FC7A57FC549C1 /* Pods */,
				3D4D9FCCCA5A5AA6A39EE357 /* Frameworks */,
			);
			sourceTree = "<group>";
		};
		23B2E48C23688E76004547A9 /* Products */ = {
			isa = PBXGroup;
			children = (
				23B2E48B23688E76004547A9 /* ISS.app */,
			);
			name = Products;
			sourceTree = "<group>";
		};
		23B2E48D23688E76004547A9 /* ISS */ = {
			isa = PBXGroup;
			children = (
				23B2E4AB23698CFC004547A9 /* Model */,
				23B2E4A423698693004547A9 /* src */,
				23B2E48E23688E76004547A9 /* AppDelegate.swift */,
				23B2E49023688E76004547A9 /* SceneDelegate.swift */,
				23B2E49223688E76004547A9 /* FirstViewController.swift */,
				23B2E49423688E76004547A9 /* SecondViewController.swift */,
				23B2E49623688E76004547A9 /* Main.storyboard */,
				23B2E49923688E78004547A9 /* Assets.xcassets */,
				23B2E49B23688E78004547A9 /* LaunchScreen.storyboard */,
				23B2E49E23688E78004547A9 /* Info.plist */,
			);
			path = ISS;
			sourceTree = "<group>";
		};
		23B2E4A423698693004547A9 /* src */ = {
			isa = PBXGroup;
			children = (
				23B2E4AE23698F3A004547A9 /* Services */,
				23B2E4A8236986D1004547A9 /* Helpers */,
				23B2E4A52369869B004547A9 /* API */,
			);
			path = src;
			sourceTree = "<group>";
		};
		23B2E4A52369869B004547A9 /* API */ = {
			isa = PBXGroup;
			children = (
				23B2E4A6236986AC004547A9 /* Api.swift */,
			);
			path = API;
			sourceTree = "<group>";
		};
		23B2E4A8236986D1004547A9 /* Helpers */ = {
			isa = PBXGroup;
			children = (
				23B2E4A9236986DE004547A9 /* Constants.swift */,
			);
			path = Helpers;
			sourceTree = "<group>";
		};
		23B2E4AB23698CFC004547A9 /* Model */ = {
			isa = PBXGroup;
			children = (
				23B2E4AC23698D13004547A9 /* Station.swift */,
			);
			path = Model;
			sourceTree = "<group>";
		};
		23B2E4AE23698F3A004547A9 /* Services */ = {
			isa = PBXGroup;
			children = (
				23B2E4AF23698F52004547A9 /* ServiceApi.swift */,
				2390DFDC236B23EA00F7DD02 /* StorageService.swift */,
			);
			path = Services;
			sourceTree = "<group>";
		};
		3D4D9FCCCA5A5AA6A39EE357 /* Frameworks */ = {
			isa = PBXGroup;
			children = (
				10581AD0339BDC55E9E47B80 /* Pods_ISS.framework */,
			);
			name = Frameworks;
			sourceTree = "<group>";
		};
		D1D67B31DF1FC7A57FC549C1 /* Pods */ = {
			isa = PBXGroup;
			children = (
				8EF743CE3C52C4F641045D4B /* Pods-ISS.debug.xcconfig */,
				46404076245D4FE3F0C09FFF /* Pods-ISS.release.xcconfig */,
			);
			path = Pods;
			sourceTree = "<group>";
		};
/* End PBXGroup section */

/* Begin PBXNativeTarget section */
		23B2E48A23688E76004547A9 /* ISS */ = {
			isa = PBXNativeTarget;
			buildConfigurationList = 23B2E4A123688E78004547A9 /* Build configuration list for PBXNativeTarget "ISS" */;
			buildPhases = (
				F99B84DAC9B1B46FCA9BC2DC /* [CP] Check Pods Manifest.lock */,
				23B2E48723688E76004547A9 /* Sources */,
				23B2E48823688E76004547A9 /* Frameworks */,
				23B2E48923688E76004547A9 /* Resources */,
				CD4CA17B3FEB5E2261C85A33 /* [CP] Embed Pods Frameworks */,
			);
			buildRules = (
			);
			dependencies = (
			);
			name = ISS;
			productName = ISS;
			productReference = 23B2E48B23688E76004547A9 /* ISS.app */;
			productType = "com.apple.product-type.application";
		};
/* End PBXNativeTarget section */

/* Begin PBXProject section */
		23B2E48323688E75004547A9 /* Project object */ = {
			isa = PBXProject;
			attributes = {
				LastSwiftUpdateCheck = 1110;
				LastUpgradeCheck = 1110;
				ORGANIZATIONNAME = "William Tomas";
				TargetAttributes = {
					23B2E48A23688E76004547A9 = {
						CreatedOnToolsVersion = 11.1;
					};
				};
			};
			buildConfigurationList = 23B2E48623688E75004547A9 /* Build configuration list for PBXProject "ISS" */;
			compatibilityVersion = "Xcode 9.3";
			developmentRegion = en;
			hasScannedForEncodings = 0;
			knownRegions = (
				en,
				Base,
			);
			mainGroup = 23B2E48223688E75004547A9;
			productRefGroup = 23B2E48C23688E76004547A9 /* Products */;
			projectDirPath = "";
			projectRoot = "";
			targets = (
				23B2E48A23688E76004547A9 /* ISS */,
			);
		};
/* End PBXProject section */

/* Begin PBXResourcesBuildPhase section */
		23B2E48923688E76004547A9 /* Resources */ = {
			isa = PBXResourcesBuildPhase;
			buildActionMask = 2147483647;
			files = (
				23B2E49D23688E78004547A9 /* LaunchScreen.storyboard in Resources */,
				23B2E49A23688E78004547A9 /* Assets.xcassets in Resources */,
				23B2E49823688E76004547A9 /* Main.storyboard in Resources */,
			);
			runOnlyForDeploymentPostprocessing = 0;
		};
/* End PBXResourcesBuildPhase section */

/* Begin PBXShellScriptBuildPhase section */
		CD4CA17B3FEB5E2261C85A33 /* [CP] Embed Pods Frameworks */ = {
			isa = PBXShellScriptBuildPhase;
			buildActionMask = 2147483647;
			files = (
			);
			inputFileListPaths = (
			);
			inputPaths = (
				"${PODS_ROOT}/Target Support Files/Pods-ISS/Pods-ISS-frameworks.sh",
				"${BUILT_PRODUCTS_DIR}/Alamofire/Alamofire.framework",
				"${BUILT_PRODUCTS_DIR}/Moya/Moya.framework",
				"${BUILT_PRODUCTS_DIR}/Result/Result.framework",
			);
			name = "[CP] Embed Pods Frameworks";
			outputFileListPaths = (
			);
			outputPaths = (
				"${TARGET_BUILD_DIR}/${FRAMEWORKS_FOLDER_PATH}/Alamofire.framework",
				"${TARGET_BUILD_DIR}/${FRAMEWORKS_FOLDER_PATH}/Moya.framework",
				"${TARGET_BUILD_DIR}/${FRAMEWORKS_FOLDER_PATH}/Result.framework",
			);
			runOnlyForDeploymentPostprocessing = 0;
			shellPath = /bin/sh;
			shellScript = "\"${PODS_ROOT}/Target Support Files/Pods-ISS/Pods-ISS-frameworks.sh\"\n";
			showEnvVarsInLog = 0;
		};
		F99B84DAC9B1B46FCA9BC2DC /* [CP] Check Pods Manifest.lock */ = {
			isa = PBXShellScriptBuildPhase;
			buildActionMask = 2147483647;
			files = (
			);
			inputFileListPaths = (
			);
			inputPaths = (
				"${PODS_PODFILE_DIR_PATH}/Podfile.lock",
				"${PODS_ROOT}/Manifest.lock",
			);
			name = "[CP] Check Pods Manifest.lock";
			outputFileListPaths = (
			);
			outputPaths = (
				"$(DERIVED_FILE_DIR)/Pods-ISS-checkManifestLockResult.txt",
			);
			runOnlyForDeploymentPostprocessing = 0;
			shellPath = /bin/sh;
			shellScript = "diff \"${PODS_PODFILE_DIR_PATH}/Podfile.lock\" \"${PODS_ROOT}/Manifest.lock\" > /dev/null\nif [ $? != 0 ] ; then\n    # print error to STDERR\n    echo \"error: The sandbox is not in sync with the Podfile.lock. Run 'pod install' or update your CocoaPods installation.\" >&2\n    exit 1\nfi\n# This output is used by Xcode 'outputs' to avoid re-running this script phase.\necho \"SUCCESS\" > \"${SCRIPT_OUTPUT_FILE_0}\"\n";
			showEnvVarsInLog = 0;
		};
/* End PBXShellScriptBuildPhase section */

/* Begin PBXSourcesBuildPhase section */
		23B2E48723688E76004547A9 /* Sources */ = {
			isa = PBXSourcesBuildPhase;
			buildActionMask = 2147483647;
			files = (
				23B2E49523688E76004547A9 /* SecondViewController.swift in Sources */,
				23B2E49323688E76004547A9 /* FirstViewController.swift in Sources */,
				23B2E48F23688E76004547A9 /* AppDelegate.swift in Sources */,
				23B2E4A7236986AC004547A9 /* Api.swift in Sources */,
				23B2E49123688E76004547A9 /* SceneDelegate.swift in Sources */,
				23B2E4AA236986DE004547A9 /* Constants.swift in Sources */,
				23B2E4B023698F52004547A9 /* ServiceApi.swift in Sources */,
				2390DFDD236B23EA00F7DD02 /* StorageService.swift in Sources */,
				23B2E4AD23698D13004547A9 /* Station.swift in Sources */,
			);
			runOnlyForDeploymentPostprocessing = 0;
		};
/* End PBXSourcesBuildPhase section */

/* Begin PBXVariantGroup section */
		23B2E49623688E76004547A9 /* Main.storyboard */ = {
			isa = PBXVariantGroup;
			children = (
				23B2E49723688E76004547A9 /* Base */,
			);
			name = Main.storyboard;
			sourceTree = "<group>";
		};
		23B2E49B23688E78004547A9 /* LaunchScreen.storyboard */ = {
			isa = PBXVariantGroup;
			children = (
				23B2E49C23688E78004547A9 /* Base */,
			);
			name = LaunchScreen.storyboard;
			sourceTree = "<group>";
		};
/* End PBXVariantGroup section */

/* Begin XCBuildConfiguration section */
		23B2E49F23688E78004547A9 /* Debug */ = {
			isa = XCBuildConfiguration;
			buildSettings = {
				ALWAYS_SEARCH_USER_PATHS = NO;
				CLANG_ANALYZER_NONNULL = YES;
				CLANG_ANALYZER_NUMBER_OBJECT_CONVERSION = YES_AGGRESSIVE;
				CLANG_CXX_LANGUAGE_STANDARD = "gnu++14";
				CLANG_CXX_LIBRARY = "libc++";
				CLANG_ENABLE_MODULES = YES;
				CLANG_ENABLE_OBJC_ARC = YES;
				CLANG_ENABLE_OBJC_WEAK = YES;
				CLANG_WARN_BLOCK_CAPTURE_AUTORELEASING = YES;
				CLANG_WARN_BOOL_CONVERSION = YES;
				CLANG_WARN_COMMA = YES;
				CLANG_WARN_CONSTANT_CONVERSION = YES;
				CLANG_WARN_DEPRECATED_OBJC_IMPLEMENTATIONS = YES;
				CLANG_WARN_DIRECT_OBJC_ISA_USAGE = YES_ERROR;
				CLANG_WARN_DOCUMENTATION_COMMENTS = YES;
				CLANG_WARN_EMPTY_BODY = YES;
				CLANG_WARN_ENUM_CONVERSION = YES;
				CLANG_WARN_INFINITE_RECURSION = YES;
				CLANG_WARN_INT_CONVERSION = YES;
				CLANG_WARN_NON_LITERAL_NULL_CONVERSION = YES;
				CLANG_WARN_OBJC_IMPLICIT_RETAIN_SELF = YES;
				CLANG_WARN_OBJC_LITERAL_CONVERSION = YES;
				CLANG_WARN_OBJC_ROOT_CLASS = YES_ERROR;
				CLANG_WARN_RANGE_LOOP_ANALYSIS = YES;
				CLANG_WARN_STRICT_PROTOTYPES = YES;
				CLANG_WARN_SUSPICIOUS_MOVE = YES;
				CLANG_WARN_UNGUARDED_AVAILABILITY = YES_AGGRESSIVE;
				CLANG_WARN_UNREACHABLE_CODE = YES;
				CLANG_WARN__DUPLICATE_METHOD_MATCH = YES;
				COPY_PHASE_STRIP = NO;
				DEBUG_INFORMATION_FORMAT = dwarf;
				ENABLE_STRICT_OBJC_MSGSEND = YES;
				ENABLE_TESTABILITY = YES;
				GCC_C_LANGUAGE_STANDARD = gnu11;
				GCC_DYNAMIC_NO_PIC = NO;
				GCC_NO_COMMON_BLOCKS = YES;
				GCC_OPTIMIZATION_LEVEL = 0;
				GCC_PREPROCESSOR_DEFINITIONS = (
					"DEBUG=1",
					"$(inherited)",
				);
				GCC_WARN_64_TO_32_BIT_CONVERSION = YES;
				GCC_WARN_ABOUT_RETURN_TYPE = YES_ERROR;
				GCC_WARN_UNDECLARED_SELECTOR = YES;
				GCC_WARN_UNINITIALIZED_AUTOS = YES_AGGRESSIVE;
				GCC_WARN_UNUSED_FUNCTION = YES;
				GCC_WARN_UNUSED_VARIABLE = YES;
				IPHONEOS_DEPLOYMENT_TARGET = 13.1;
				MTL_ENABLE_DEBUG_INFO = INCLUDE_SOURCE;
				MTL_FAST_MATH = YES;
				ONLY_ACTIVE_ARCH = YES;
				SDKROOT = iphoneos;
				SWIFT_ACTIVE_COMPILATION_CONDITIONS = DEBUG;
				SWIFT_OPTIMIZATION_LEVEL = "-Onone";
			};
			name = Debug;
		};
		23B2E4A023688E78004547A9 /* Release */ = {
			isa = XCBuildConfiguration;
			buildSettings = {
				ALWAYS_SEARCH_USER_PATHS = NO;
				CLANG_ANALYZER_NONNULL = YES;
				CLANG_ANALYZER_NUMBER_OBJECT_CONVERSION = YES_AGGRESSIVE;
				CLANG_CXX_LANGUAGE_STANDARD = "gnu++14";
				CLANG_CXX_LIBRARY = "libc++";
				CLANG_ENABLE_MODULES = YES;
				CLANG_ENABLE_OBJC_ARC = YES;
				CLANG_ENABLE_OBJC_WEAK = YES;
				CLANG_WARN_BLOCK_CAPTURE_AUTORELEASING = YES;
				CLANG_WARN_BOOL_CONVERSION = YES;
				CLANG_WARN_COMMA = YES;
				CLANG_WARN_CONSTANT_CONVERSION = YES;
				CLANG_WARN_DEPRECATED_OBJC_IMPLEMENTATIONS = YES;
				CLANG_WARN_DIRECT_OBJC_ISA_USAGE = YES_ERROR;
				CLANG_WARN_DOCUMENTATION_COMMENTS = YES;
				CLANG_WARN_EMPTY_BODY = YES;
				CLANG_WARN_ENUM_CONVERSION = YES;
				CLANG_WARN_INFINITE_RECURSION = YES;
				CLANG_WARN_INT_CONVERSION = YES;
				CLANG_WARN_NON_LITERAL_NULL_CONVERSION = YES;
				CLANG_WARN_OBJC_IMPLICIT_RETAIN_SELF = YES;
				CLANG_WARN_OBJC_LITERAL_CONVERSION = YES;
				CLANG_WARN_OBJC_ROOT_CLASS = YES_ERROR;
				CLANG_WARN_RANGE_LOOP_ANALYSIS = YES;
				CLANG_WARN_STRICT_PROTOTYPES = YES;
				CLANG_WARN_SUSPICIOUS_MOVE = YES;
				CLANG_WARN_UNGUARDED_AVAILABILITY = YES_AGGRESSIVE;
				CLANG_WARN_UNREACHABLE_CODE = YES;
				CLANG_WARN__DUPLICATE_METHOD_MATCH = YES;
				COPY_PHASE_STRIP = NO;
				DEBUG_INFORMATION_FORMAT = "dwarf-with-dsym";
				ENABLE_NS_ASSERTIONS = NO;
				ENABLE_STRICT_OBJC_MSGSEND = YES;
				GCC_C_LANGUAGE_STANDARD = gnu11;
				GCC_NO_COMMON_BLOCKS = YES;
				GCC_WARN_64_TO_32_BIT_CONVERSION = YES;
				GCC_WARN_ABOUT_RETURN_TYPE = YES_ERROR;
				GCC_WARN_UNDECLARED_SELECTOR = YES;
				GCC_WARN_UNINITIALIZED_AUTOS = YES_AGGRESSIVE;
				GCC_WARN_UNUSED_FUNCTION = YES;
				GCC_WARN_UNUSED_VARIABLE = YES;
				IPHONEOS_DEPLOYMENT_TARGET = 13.1;
				MTL_ENABLE_DEBUG_INFO = NO;
				MTL_FAST_MATH = YES;
				SDKROOT = iphoneos;
				SWIFT_COMPILATION_MODE = wholemodule;
				SWIFT_OPTIMIZATION_LEVEL = "-O";
				VALIDATE_PRODUCT = YES;
			};
			name = Release;
		};
		23B2E4A223688E78004547A9 /* Debug */ = {
			isa = XCBuildConfiguration;
			baseConfigurationReference = 8EF743CE3C52C4F641045D4B /* Pods-ISS.debug.xcconfig */;
			buildSettings = {
				ASSETCATALOG_COMPILER_APPICON_NAME = AppIcon;
				CODE_SIGN_STYLE = Automatic;
				DEVELOPMENT_TEAM = LTA333AJT9;
				INFOPLIST_FILE = ISS/Info.plist;
				LD_RUNPATH_SEARCH_PATHS = (
					"$(inherited)",
					"@executable_path/Frameworks",
				);
				PRODUCT_BUNDLE_IDENTIFIER = mobiapps.ISS;
				PRODUCT_NAME = "$(TARGET_NAME)";
				SWIFT_VERSION = 5.0;
				TARGETED_DEVICE_FAMILY = "1,2";
			};
			name = Debug;
		};
		23B2E4A323688E78004547A9 /* Release */ = {
			isa = XCBuildConfiguration;
			baseConfigurationReference = 46404076245D4FE3F0C09FFF /* Pods-ISS.release.xcconfig */;
			buildSettings = {
				ASSETCATALOG_COMPILER_APPICON_NAME = AppIcon;
				CODE_SIGN_STYLE = Automatic;
				DEVELOPMENT_TEAM = LTA333AJT9;
				INFOPLIST_FILE = ISS/Info.plist;
				LD_RUNPATH_SEARCH_PATHS = (
					"$(inherited)",
					"@executable_path/Frameworks",
				);
				PRODUCT_BUNDLE_IDENTIFIER = mobiapps.ISS;
				PRODUCT_NAME = "$(TARGET_NAME)";
				SWIFT_VERSION = 5.0;
				TARGETED_DEVICE_FAMILY = "1,2";
			};
			name = Release;
		};
/* End XCBuildConfiguration section */

/* Begin XCConfigurationList section */
		23B2E48623688E75004547A9 /* Build configuration list for PBXProject "ISS" */ = {
			isa = XCConfigurationList;
			buildConfigurations = (
				23B2E49F23688E78004547A9 /* Debug */,
				23B2E4A023688E78004547A9 /* Release */,
			);
			defaultConfigurationIsVisible = 0;
			defaultConfigurationName = Release;
		};
		23B2E4A123688E78004547A9 /* Build configuration list for PBXNativeTarget "ISS" */ = {
			isa = XCConfigurationList;
			buildConfigurations = (
				23B2E4A223688E78004547A9 /* Debug */,
				23B2E4A323688E78004547A9 /* Release */,
			);
			defaultConfigurationIsVisible = 0;
			defaultConfigurationName = Release;
		};
/* End XCConfigurationList section */
	};
	rootObject = 23B2E48323688E75004547A9 /* Project object */;
}
